// !$*UTF8*$!
{
	archiveVersion = 1;
	classes = {
	};
	objectVersion = 46;
	objects = {

/* Begin PBXBuildFile section */
		4927D2751C361D47003711A3 /* AppDelegate.swift in Sources */ = {isa = PBXBuildFile; fileRef = 4927D2741C361D47003711A3 /* AppDelegate.swift */; };
		4927D2771C361D47003711A3 /* ViewController.swift in Sources */ = {isa = PBXBuildFile; fileRef = 4927D2761C361D47003711A3 /* ViewController.swift */; };
		4927D27A1C361D47003711A3 /* Main.storyboard in Resources */ = {isa = PBXBuildFile; fileRef = 4927D2781C361D47003711A3 /* Main.storyboard */; };
		4927D27D1C361D47003711A3 /* MonsterHunterTalismanScanner.xcdatamodeld in Sources */ = {isa = PBXBuildFile; fileRef = 4927D27B1C361D47003711A3 /* MonsterHunterTalismanScanner.xcdatamodeld */; };
		4927D27F1C361D47003711A3 /* Assets.xcassets in Resources */ = {isa = PBXBuildFile; fileRef = 4927D27E1C361D47003711A3 /* Assets.xcassets */; };
		4927D2821C361D47003711A3 /* LaunchScreen.storyboard in Resources */ = {isa = PBXBuildFile; fileRef = 4927D2801C361D47003711A3 /* LaunchScreen.storyboard */; };
		4927D28D1C361D48003711A3 /* MonsterHunterTalismanScannerTests.swift in Sources */ = {isa = PBXBuildFile; fileRef = 4927D28C1C361D48003711A3 /* MonsterHunterTalismanScannerTests.swift */; };
		5D5246CD81E0E5DFEDE1ABE3 /* libPods.a in Frameworks */ = {isa = PBXBuildFile; fileRef = A85ED9B13ABFAB1C3A92699E /* libPods.a */; };
/* End PBXBuildFile section */

/* Begin PBXContainerItemProxy section */
		4927D2891C361D48003711A3 /* PBXContainerItemProxy */ = {
			isa = PBXContainerItemProxy;
			containerPortal = 4927D2691C361D47003711A3 /* Project object */;
			proxyType = 1;
			remoteGlobalIDString = 4927D2701C361D47003711A3;
			remoteInfo = MonsterHunterTalismanScanner;
		};
/* End PBXContainerItemProxy section */

/* Begin PBXFileReference section */
		3074F270CA0F77A14FC0F51E /* Pods.debug.xcconfig */ = {isa = PBXFileReference; includeInIndex = 1; lastKnownFileType = text.xcconfig; name = Pods.debug.xcconfig; path = "Pods/Target Support Files/Pods/Pods.debug.xcconfig"; sourceTree = "<group>"; };
		4927D2711C361D47003711A3 /* MonsterHunterTalismanScanner.app */ = {isa = PBXFileReference; explicitFileType = wrapper.application; includeInIndex = 0; path = MonsterHunterTalismanScanner.app; sourceTree = BUILT_PRODUCTS_DIR; };
		4927D2741C361D47003711A3 /* AppDelegate.swift */ = {isa = PBXFileReference; lastKnownFileType = sourcecode.swift; path = AppDelegate.swift; sourceTree = "<group>"; };
		4927D2761C361D47003711A3 /* ViewController.swift */ = {isa = PBXFileReference; lastKnownFileType = sourcecode.swift; path = ViewController.swift; sourceTree = "<group>"; };
		4927D2791C361D47003711A3 /* Base */ = {isa = PBXFileReference; lastKnownFileType = file.storyboard; name = Base; path = Base.lproj/Main.storyboard; sourceTree = "<group>"; };
		4927D27C1C361D47003711A3 /* MonsterHunterTalismanScanner.xcdatamodel */ = {isa = PBXFileReference; lastKnownFileType = wrapper.xcdatamodel; path = MonsterHunterTalismanScanner.xcdatamodel; sourceTree = "<group>"; };
		4927D27E1C361D47003711A3 /* Assets.xcassets */ = {isa = PBXFileReference; lastKnownFileType = folder.assetcatalog; path = Assets.xcassets; sourceTree = "<group>"; };
		4927D2811C361D47003711A3 /* Base */ = {isa = PBXFileReference; lastKnownFileType = file.storyboard; name = Base; path = Base.lproj/LaunchScreen.storyboard; sourceTree = "<group>"; };
		4927D2831C361D47003711A3 /* Info.plist */ = {isa = PBXFileReference; lastKnownFileType = text.plist.xml; path = Info.plist; sourceTree = "<group>"; };
		4927D2881C361D48003711A3 /* MonsterHunterTalismanScannerTests.xctest */ = {isa = PBXFileReference; explicitFileType = wrapper.cfbundle; includeInIndex = 0; path = MonsterHunterTalismanScannerTests.xctest; sourceTree = BUILT_PRODUCTS_DIR; };
		4927D28C1C361D48003711A3 /* MonsterHunterTalismanScannerTests.swift */ = {isa = PBXFileReference; lastKnownFileType = sourcecode.swift; path = MonsterHunterTalismanScannerTests.swift; sourceTree = "<group>"; };
		4927D28E1C361D48003711A3 /* Info.plist */ = {isa = PBXFileReference; lastKnownFileType = text.plist.xml; path = Info.plist; sourceTree = "<group>"; };
		A85ED9B13ABFAB1C3A92699E /* libPods.a */ = {isa = PBXFileReference; explicitFileType = archive.ar; includeInIndex = 0; path = libPods.a; sourceTree = BUILT_PRODUCTS_DIR; };
		EBCA8156304083B528C531F5 /* Pods.release.xcconfig */ = {isa = PBXFileReference; includeInIndex = 1; lastKnownFileType = text.xcconfig; name = Pods.release.xcconfig; path = "Pods/Target Support Files/Pods/Pods.release.xcconfig"; sourceTree = "<group>"; };
/* End PBXFileReference section */

/* Begin PBXFrameworksBuildPhase section */
		4927D26E1C361D47003711A3 /* Frameworks */ = {
			isa = PBXFrameworksBuildPhase;
			buildActionMask = 2147483647;
			files = (
				5D5246CD81E0E5DFEDE1ABE3 /* libPods.a in Frameworks */,
			);
			runOnlyForDeploymentPostprocessing = 0;
		};
		4927D2851C361D48003711A3 /* Frameworks */ = {
			isa = PBXFrameworksBuildPhase;
			buildActionMask = 2147483647;
			files = (
			);
			runOnlyForDeploymentPostprocessing = 0;
		};
/* End PBXFrameworksBuildPhase section */

/* Begin PBXGroup section */
		33F6B9A0B08B62A89236F6E8 /* Frameworks */ = {
			isa = PBXGroup;
			children = (
				A85ED9B13ABFAB1C3A92699E /* libPods.a */,
			);
			name = Frameworks;
			sourceTree = "<group>";
		};
		4927D2681C361D47003711A3 = {
			isa = PBXGroup;
			children = (
				4927D2731C361D47003711A3 /* MonsterHunterTalismanScanner */,
				4927D28B1C361D48003711A3 /* MonsterHunterTalismanScannerTests */,
				4927D2721C361D47003711A3 /* Products */,
				F9D6502BCC310E2E5CFDF66A /* Pods */,
				33F6B9A0B08B62A89236F6E8 /* Frameworks */,
			);
			sourceTree = "<group>";
		};
		4927D2721C361D47003711A3 /* Products */ = {
			isa = PBXGroup;
			children = (
				4927D2711C361D47003711A3 /* MonsterHunterTalismanScanner.app */,
				4927D2881C361D48003711A3 /* MonsterHunterTalismanScannerTests.xctest */,
			);
			name = Products;
			sourceTree = "<group>";
		};
		4927D2731C361D47003711A3 /* MonsterHunterTalismanScanner */ = {
			isa = PBXGroup;
			children = (
				4927D2741C361D47003711A3 /* AppDelegate.swift */,
				4927D2761C361D47003711A3 /* ViewController.swift */,
				4927D2781C361D47003711A3 /* Main.storyboard */,
				4927D27E1C361D47003711A3 /* Assets.xcassets */,
				4927D2801C361D47003711A3 /* LaunchScreen.storyboard */,
				4927D2831C361D47003711A3 /* Info.plist */,
				4927D27B1C361D47003711A3 /* MonsterHunterTalismanScanner.xcdatamodeld */,
			);
			path = MonsterHunterTalismanScanner;
			sourceTree = "<group>";
		};
		4927D28B1C361D48003711A3 /* MonsterHunterTalismanScannerTests */ = {
			isa = PBXGroup;
			children = (
				4927D28C1C361D48003711A3 /* MonsterHunterTalismanScannerTests.swift */,
				4927D28E1C361D48003711A3 /* Info.plist */,
			);
			path = MonsterHunterTalismanScannerTests;
			sourceTree = "<group>";
		};
		F9D6502BCC310E2E5CFDF66A /* Pods */ = {
			isa = PBXGroup;
			children = (
				3074F270CA0F77A14FC0F51E /* Pods.debug.xcconfig */,
				EBCA8156304083B528C531F5 /* Pods.release.xcconfig */,
			);
			name = Pods;
			sourceTree = "<group>";
		};
/* End PBXGroup section */

/* Begin PBXNativeTarget section */
		4927D2701C361D47003711A3 /* MonsterHunterTalismanScanner */ = {
			isa = PBXNativeTarget;
			buildConfigurationList = 4927D2911C361D48003711A3 /* Build configuration list for PBXNativeTarget "MonsterHunterTalismanScanner" */;
			buildPhases = (
				30C8817B425E2D8AFDE28F47 /* Check Pods Manifest.lock */,
				4927D26D1C361D47003711A3 /* Sources */,
				4927D26E1C361D47003711A3 /* Frameworks */,
				4927D26F1C361D47003711A3 /* Resources */,
				4A2E055781F75C5557803D86 /* Embed Pods Frameworks */,
				ACCC2C6BD13F73D0F9572A1C /* Copy Pods Resources */,
			);
			buildRules = (
			);
			dependencies = (
			);
			name = MonsterHunterTalismanScanner;
			productName = MonsterHunterTalismanScanner;
			productReference = 4927D2711C361D47003711A3 /* MonsterHunterTalismanScanner.app */;
			productType = "com.apple.product-type.application";
		};
		4927D2871C361D48003711A3 /* MonsterHunterTalismanScannerTests */ = {
			isa = PBXNativeTarget;
			buildConfigurationList = 4927D2941C361D48003711A3 /* Build configuration list for PBXNativeTarget "MonsterHunterTalismanScannerTests" */;
			buildPhases = (
				4927D2841C361D48003711A3 /* Sources */,
				4927D2851C361D48003711A3 /* Frameworks */,
				4927D2861C361D48003711A3 /* Resources */,
			);
			buildRules = (
			);
			dependencies = (
				4927D28A1C361D48003711A3 /* PBXTargetDependency */,
			);
			name = MonsterHunterTalismanScannerTests;
			productName = MonsterHunterTalismanScannerTests;
			productReference = 4927D2881C361D48003711A3 /* MonsterHunterTalismanScannerTests.xctest */;
			productType = "com.apple.product-type.bundle.unit-test";
		};
/* End PBXNativeTarget section */

/* Begin PBXProject section */
		4927D2691C361D47003711A3 /* Project object */ = {
			isa = PBXProject;
			attributes = {
				LastSwiftUpdateCheck = 0720;
				LastUpgradeCheck = 0720;
				ORGANIZATIONNAME = "Alex Pendleton";
				TargetAttributes = {
					4927D2701C361D47003711A3 = {
						CreatedOnToolsVersion = 7.2;
						DevelopmentTeam = JW6BB3VX4H;
					};
					4927D2871C361D48003711A3 = {
						CreatedOnToolsVersion = 7.2;
						DevelopmentTeam = JW6BB3VX4H;
						TestTargetID = 4927D2701C361D47003711A3;
					};
				};
			};
			buildConfigurationList = 4927D26C1C361D47003711A3 /* Build configuration list for PBXProject "MonsterHunterTalismanScanner" */;
			compatibilityVersion = "Xcode 3.2";
			developmentRegion = English;
			hasScannedForEncodings = 0;
			knownRegions = (
				en,
				Base,
			);
			mainGroup = 4927D2681C361D47003711A3;
			productRefGroup = 4927D2721C361D47003711A3 /* Products */;
			projectDirPath = "";
			projectRoot = "";
			targets = (
				4927D2701C361D47003711A3 /* MonsterHunterTalismanScanner */,
				4927D2871C361D48003711A3 /* MonsterHunterTalismanScannerTests */,
			);
		};
/* End PBXProject section */

/* Begin PBXResourcesBuildPhase section */
		4927D26F1C361D47003711A3 /* Resources */ = {
			isa = PBXResourcesBuildPhase;
			buildActionMask = 2147483647;
			files = (
				4927D2821C361D47003711A3 /* LaunchScreen.storyboard in Resources */,
				4927D27F1C361D47003711A3 /* Assets.xcassets in Resources */,
				4927D27A1C361D47003711A3 /* Main.storyboard in Resources */,
			);
			runOnlyForDeploymentPostprocessing = 0;
		};
		4927D2861C361D48003711A3 /* Resources */ = {
			isa = PBXResourcesBuildPhase;
			buildActionMask = 2147483647;
			files = (
			);
			runOnlyForDeploymentPostprocessing = 0;
		};
/* End PBXResourcesBuildPhase section */

/* Begin PBXShellScriptBuildPhase section */
		30C8817B425E2D8AFDE28F47 /* Check Pods Manifest.lock */ = {
			isa = PBXShellScriptBuildPhase;
			buildActionMask = 2147483647;
			files = (
			);
			inputPaths = (
			);
			name = "Check Pods Manifest.lock";
			outputPaths = (
			);
			runOnlyForDeploymentPostprocessing = 0;
			shellPath = /bin/sh;
			shellScript = "diff \"${PODS_ROOT}/../Podfile.lock\" \"${PODS_ROOT}/Manifest.lock\" > /dev/null\nif [[ $? != 0 ]] ; then\n    cat << EOM\nerror: The sandbox is not in sync with the Podfile.lock. Run 'pod install' or update your CocoaPods installation.\nEOM\n    exit 1\nfi\n";
			showEnvVarsInLog = 0;
		};
		4A2E055781F75C5557803D86 /* Embed Pods Frameworks */ = {
			isa = PBXShellScriptBuildPhase;
			buildActionMask = 2147483647;
			files = (
			);
			inputPaths = (
			);
			name = "Embed Pods Frameworks";
			outputPaths = (
			);
			runOnlyForDeploymentPostprocessing = 0;
			shellPath = /bin/sh;
			shellScript = "\"${SRCROOT}/Pods/Target Support Files/Pods/Pods-frameworks.sh\"\n";
			showEnvVarsInLog = 0;
		};
		ACCC2C6BD13F73D0F9572A1C /* Copy Pods Resources */ = {
			isa = PBXShellScriptBuildPhase;
			buildActionMask = 2147483647;
			files = (
			);
			inputPaths = (
			);
			name = "Copy Pods Resources";
			outputPaths = (
			);
			runOnlyForDeploymentPostprocessing = 0;
			shellPath = /bin/sh;
			shellScript = "\"${SRCROOT}/Pods/Target Support Files/Pods/Pods-resources.sh\"\n";
			showEnvVarsInLog = 0;
		};
/* End PBXShellScriptBuildPhase section */

/* Begin PBXSourcesBuildPhase section */
		4927D26D1C361D47003711A3 /* Sources */ = {
			isa = PBXSourcesBuildPhase;
			buildActionMask = 2147483647;
			files = (
				4927D27D1C361D47003711A3 /* MonsterHunterTalismanScanner.xcdatamodeld in Sources */,
				4927D2771C361D47003711A3 /* ViewController.swift in Sources */,
				4927D2751C361D47003711A3 /* AppDelegate.swift in Sources */,
			);
			runOnlyForDeploymentPostprocessing = 0;
		};
		4927D2841C361D48003711A3 /* Sources */ = {
			isa = PBXSourcesBuildPhase;
			buildActionMask = 2147483647;
			files = (
				4927D28D1C361D48003711A3 /* MonsterHunterTalismanScannerTests.swift in Sources */,
			);
			runOnlyForDeploymentPostprocessing = 0;
		};
/* End PBXSourcesBuildPhase section */

/* Begin PBXTargetDependency section */
		4927D28A1C361D48003711A3 /* PBXTargetDependency */ = {
			isa = PBXTargetDependency;
			target = 4927D2701C361D47003711A3 /* MonsterHunterTalismanScanner */;
			targetProxy = 4927D2891C361D48003711A3 /* PBXContainerItemProxy */;
		};
/* End PBXTargetDependency section */

/* Begin PBXVariantGroup section */
		4927D2781C361D47003711A3 /* Main.storyboard */ = {
			isa = PBXVariantGroup;
			children = (
				4927D2791C361D47003711A3 /* Base */,
			);
			name = Main.storyboard;
			sourceTree = "<group>";
		};
		4927D2801C361D47003711A3 /* LaunchScreen.storyboard */ = {
			isa = PBXVariantGroup;
			children = (
				4927D2811C361D47003711A3 /* Base */,
			);
			name = LaunchScreen.storyboard;
			sourceTree = "<group>";
		};
/* End PBXVariantGroup section */

/* Begin XCBuildConfiguration section */
		4927D28F1C361D48003711A3 /* Debug */ = {
			isa = XCBuildConfiguration;
			buildSettings = {
				ALWAYS_SEARCH_USER_PATHS = NO;
				CLANG_CXX_LANGUAGE_STANDARD = "gnu++0x";
				CLANG_CXX_LIBRARY = "libc++";
				CLANG_ENABLE_MODULES = YES;
				CLANG_ENABLE_OBJC_ARC = YES;
				CLANG_WARN_BOOL_CONVERSION = YES;
				CLANG_WARN_CONSTANT_CONVERSION = YES;
				CLANG_WARN_DIRECT_OBJC_ISA_USAGE = YES_ERROR;
				CLANG_WARN_EMPTY_BODY = YES;
				CLANG_WARN_ENUM_CONVERSION = YES;
				CLANG_WARN_INT_CONVERSION = YES;
				CLANG_WARN_OBJC_ROOT_CLASS = YES_ERROR;
				CLANG_WARN_UNREACHABLE_CODE = YES;
				CLANG_WARN__DUPLICATE_METHOD_MATCH = YES;
				"CODE_SIGN_IDENTITY[sdk=iphoneos*]" = "iPhone Developer";
				COPY_PHASE_STRIP = NO;
				DEBUG_INFORMATION_FORMAT = dwarf;
				ENABLE_STRICT_OBJC_MSGSEND = YES;
				ENABLE_TESTABILITY = YES;
				GCC_C_LANGUAGE_STANDARD = gnu99;
				GCC_DYNAMIC_NO_PIC = NO;
				GCC_NO_COMMON_BLOCKS = YES;
				GCC_OPTIMIZATION_LEVEL = 0;
				GCC_PREPROCESSOR_DEFINITIONS = (
					"DEBUG=1",
					"$(inherited)",
				);
				GCC_WARN_64_TO_32_BIT_CONVERSION = YES;
				GCC_WARN_ABOUT_RETURN_TYPE = YES_ERROR;
				GCC_WARN_UNDECLARED_SELECTOR = YES;
				GCC_WARN_UNINITIALIZED_AUTOS = YES_AGGRESSIVE;
				GCC_WARN_UNUSED_FUNCTION = YES;
				GCC_WARN_UNUSED_VARIABLE = YES;
				IPHONEOS_DEPLOYMENT_TARGET = 9.2;
				MTL_ENABLE_DEBUG_INFO = YES;
				ONLY_ACTIVE_ARCH = YES;
				SDKROOT = iphoneos;
				SWIFT_OPTIMIZATION_LEVEL = "-Onone";
				TARGETED_DEVICE_FAMILY = "1,2";
			};
			name = Debug;
		};
		4927D2901C361D48003711A3 /* Release */ = {
			isa = XCBuildConfiguration;
			buildSettings = {
				ALWAYS_SEARCH_USER_PATHS = NO;
				CLANG_CXX_LANGUAGE_STANDARD = "gnu++0x";
				CLANG_CXX_LIBRARY = "libc++";
				CLANG_ENABLE_MODULES = YES;
				CLANG_ENABLE_OBJC_ARC = YES;
				CLANG_WARN_BOOL_CONVERSION = YES;
				CLANG_WARN_CONSTANT_CONVERSION = YES;
				CLANG_WARN_DIRECT_OBJC_ISA_USAGE = YES_ERROR;
				CLANG_WARN_EMPTY_BODY = YES;
				CLANG_WARN_ENUM_CONVERSION = YES;
				CLANG_WARN_INT_CONVERSION = YES;
				CLANG_WARN_OBJC_ROOT_CLASS = YES_ERROR;
				CLANG_WARN_UNREACHABLE_CODE = YES;
				CLANG_WARN__DUPLICATE_METHOD_MATCH = YES;
				"CODE_SIGN_IDENTITY[sdk=iphoneos*]" = "iPhone Developer";
				COPY_PHASE_STRIP = NO;
				DEBUG_INFORMATION_FORMAT = "dwarf-with-dsym";
				ENABLE_NS_ASSERTIONS = NO;
				ENABLE_STRICT_OBJC_MSGSEND = YES;
				GCC_C_LANGUAGE_STANDARD = gnu99;
				GCC_NO_COMMON_BLOCKS = YES;
				GCC_WARN_64_TO_32_BIT_CONVERSION = YES;
				GCC_WARN_ABOUT_RETURN_TYPE = YES_ERROR;
				GCC_WARN_UNDECLARED_SELECTOR = YES;
				GCC_WARN_UNINITIALIZED_AUTOS = YES_AGGRESSIVE;
				GCC_WARN_UNUSED_FUNCTION = YES;
				GCC_WARN_UNUSED_VARIABLE = YES;
				IPHONEOS_DEPLOYMENT_TARGET = 9.2;
				MTL_ENABLE_DEBUG_INFO = NO;
				SDKROOT = iphoneos;
				TARGETED_DEVICE_FAMILY = "1,2";
				VALIDATE_PRODUCT = YES;
			};
			name = Release;
		};
		4927D2921C361D48003711A3 /* Debug */ = {
			isa = XCBuildConfiguration;
			baseConfigurationReference = 3074F270CA0F77A14FC0F51E /* Pods.debug.xcconfig */;
			buildSettings = {
				ASSETCATALOG_COMPILER_APPICON_NAME = AppIcon;
				INFOPLIST_FILE = MonsterHunterTalismanScanner/Info.plist;
				LD_RUNPATH_SEARCH_PATHS = "$(inherited) @executable_path/Frameworks";
				PRODUCT_BUNDLE_IDENTIFIER = com.alexcpendleton.MonsterHunterTalismanScanner;
				PRODUCT_NAME = "$(TARGET_NAME)";
			};
			name = Debug;
		};
		4927D2931C361D48003711A3 /* Release */ = {
			isa = XCBuildConfiguration;
			baseConfigurationReference = EBCA8156304083B528C531F5 /* Pods.release.xcconfig */;
			buildSettings = {
				ASSETCATALOG_COMPILER_APPICON_NAME = AppIcon;
				INFOPLIST_FILE = MonsterHunterTalismanScanner/Info.plist;
				LD_RUNPATH_SEARCH_PATHS = "$(inherited) @executable_path/Frameworks";
				PRODUCT_BUNDLE_IDENTIFIER = com.alexcpendleton.MonsterHunterTalismanScanner;
				PRODUCT_NAME = "$(TARGET_NAME)";
			};
			name = Release;
		};
		4927D2951C361D48003711A3 /* Debug */ = {
			isa = XCBuildConfiguration;
			buildSettings = {
				BUNDLE_LOADER = "$(TEST_HOST)";
				INFOPLIST_FILE = MonsterHunterTalismanScannerTests/Info.plist;
				LD_RUNPATH_SEARCH_PATHS = "$(inherited) @executable_path/Frameworks @loader_path/Frameworks";
				PRODUCT_BUNDLE_IDENTIFIER = com.alexcpendleton.MonsterHunterTalismanScannerTests;
				PRODUCT_NAME = "$(TARGET_NAME)";
				TEST_HOST = "$(BUILT_PRODUCTS_DIR)/MonsterHunterTalismanScanner.app/MonsterHunterTalismanScanner";
			};
			name = Debug;
		};
		4927D2961C361D48003711A3 /* Release */ = {
			isa = XCBuildConfiguration;
			buildSettings = {
				BUNDLE_LOADER = "$(TEST_HOST)";
				INFOPLIST_FILE = MonsterHunterTalismanScannerTests/Info.plist;
				LD_RUNPATH_SEARCH_PATHS = "$(inherited) @executable_path/Frameworks @loader_path/Frameworks";
				PRODUCT_BUNDLE_IDENTIFIER = com.alexcpendleton.MonsterHunterTalismanScannerTests;
				PRODUCT_NAME = "$(TARGET_NAME)";
				TEST_HOST = "$(BUILT_PRODUCTS_DIR)/MonsterHunterTalismanScanner.app/MonsterHunterTalismanScanner";
			};
			name = Release;
		};
/* End XCBuildConfiguration section */

/* Begin XCConfigurationList section */
		4927D26C1C361D47003711A3 /* Build configuration list for PBXProject "MonsterHunterTalismanScanner" */ = {
			isa = XCConfigurationList;
			buildConfigurations = (
				4927D28F1C361D48003711A3 /* Debug */,
				4927D2901C361D48003711A3 /* Release */,
			);
			defaultConfigurationIsVisible = 0;
			defaultConfigurationName = Release;
		};
		4927D2911C361D48003711A3 /* Build configuration list for PBXNativeTarget "MonsterHunterTalismanScanner" */ = {
			isa = XCConfigurationList;
			buildConfigurations = (
				4927D2921C361D48003711A3 /* Debug */,
				4927D2931C361D48003711A3 /* Release */,
			);
			defaultConfigurationIsVisible = 0;
			defaultConfigurationName = Release;
		};
		4927D2941C361D48003711A3 /* Build configuration list for PBXNativeTarget "MonsterHunterTalismanScannerTests" */ = {
			isa = XCConfigurationList;
			buildConfigurations = (
				4927D2951C361D48003711A3 /* Debug */,
				4927D2961C361D48003711A3 /* Release */,
			);
			defaultConfigurationIsVisible = 0;
			defaultConfigurationName = Release;
		};
/* End XCConfigurationList section */

/* Begin XCVersionGroup section */
		4927D27B1C361D47003711A3 /* MonsterHunterTalismanScanner.xcdatamodeld */ = {
			isa = XCVersionGroup;
			children = (
				4927D27C1C361D47003711A3 /* MonsterHunterTalismanScanner.xcdatamodel */,
			);
			currentVersion = 4927D27C1C361D47003711A3 /* MonsterHunterTalismanScanner.xcdatamodel */;
			path = MonsterHunterTalismanScanner.xcdatamodeld;
			sourceTree = "<group>";
			versionGroupType = wrapper.xcdatamodel;
		};
/* End XCVersionGroup section */
	};
	rootObject = 4927D2691C361D47003711A3 /* Project object */;
}
